// !$*UTF8*$!
{
	archiveVersion = 1;
	classes = {
	};
	objectVersion = 50;
	objects = {

/* Begin PBXBuildFile section */
		9133416222FD7A09008CD5DD /* AppDelegate.swift in Sources */ = {isa = PBXBuildFile; fileRef = 9133416122FD7A09008CD5DD /* AppDelegate.swift */; };
		9133416422FD7A09008CD5DD /* ViewController.swift in Sources */ = {isa = PBXBuildFile; fileRef = 9133416322FD7A09008CD5DD /* ViewController.swift */; };
		9133416722FD7A09008CD5DD /* Main.storyboard in Resources */ = {isa = PBXBuildFile; fileRef = 9133416522FD7A09008CD5DD /* Main.storyboard */; };
		9133416A22FD7A09008CD5DD /* ShareDemo.xcdatamodeld in Sources */ = {isa = PBXBuildFile; fileRef = 9133416822FD7A09008CD5DD /* ShareDemo.xcdatamodeld */; };
		9133416C22FD7A0B008CD5DD /* Assets.xcassets in Resources */ = {isa = PBXBuildFile; fileRef = 9133416B22FD7A0B008CD5DD /* Assets.xcassets */; };
		9133416F22FD7A0B008CD5DD /* LaunchScreen.storyboard in Resources */ = {isa = PBXBuildFile; fileRef = 9133416D22FD7A0B008CD5DD /* LaunchScreen.storyboard */; };
		9133417822FD7F3C008CD5DD /* Social.framework in Frameworks */ = {isa = PBXBuildFile; fileRef = 9133417722FD7F3C008CD5DD /* Social.framework */; };
/* End PBXBuildFile section */

/* Begin PBXFileReference section */
		9133415E22FD7A09008CD5DD /* ShareDemo.app */ = {isa = PBXFileReference; explicitFileType = wrapper.application; includeInIndex = 0; path = ShareDemo.app; sourceTree = BUILT_PRODUCTS_DIR; };
		9133416122FD7A09008CD5DD /* AppDelegate.swift */ = {isa = PBXFileReference; lastKnownFileType = sourcecode.swift; path = AppDelegate.swift; sourceTree = "<group>"; };
		9133416322FD7A09008CD5DD /* ViewController.swift */ = {isa = PBXFileReference; lastKnownFileType = sourcecode.swift; path = ViewController.swift; sourceTree = "<group>"; };
		9133416622FD7A09008CD5DD /* Base */ = {isa = PBXFileReference; lastKnownFileType = file.storyboard; name = Base; path = Base.lproj/Main.storyboard; sourceTree = "<group>"; };
		9133416922FD7A09008CD5DD /* ShareDemo.xcdatamodel */ = {isa = PBXFileReference; lastKnownFileType = wrapper.xcdatamodel; path = ShareDemo.xcdatamodel; sourceTree = "<group>"; };
		9133416B22FD7A0B008CD5DD /* Assets.xcassets */ = {isa = PBXFileReference; lastKnownFileType = folder.assetcatalog; path = Assets.xcassets; sourceTree = "<group>"; };
		9133416E22FD7A0B008CD5DD /* Base */ = {isa = PBXFileReference; lastKnownFileType = file.storyboard; name = Base; path = Base.lproj/LaunchScreen.storyboard; sourceTree = "<group>"; };
		9133417022FD7A0B008CD5DD /* Info.plist */ = {isa = PBXFileReference; lastKnownFileType = text.plist.xml; path = Info.plist; sourceTree = "<group>"; };
		9133417722FD7F3C008CD5DD /* Social.framework */ = {isa = PBXFileReference; lastKnownFileType = wrapper.framework; name = Social.framework; path = System/Library/Frameworks/Social.framework; sourceTree = SDKROOT; };
/* End PBXFileReference section */

/* Begin PBXFrameworksBuildPhase section */
		9133415B22FD7A09008CD5DD /* Frameworks */ = {
			isa = PBXFrameworksBuildPhase;
			buildActionMask = 2147483647;
			files = (
				9133417822FD7F3C008CD5DD /* Social.framework in Frameworks */,
			);
			runOnlyForDeploymentPostprocessing = 0;
		};
/* End PBXFrameworksBuildPhase section */

/* Begin PBXGroup section */
		9133415522FD7A09008CD5DD = {
			isa = PBXGroup;
			children = (
				9133416022FD7A09008CD5DD /* ShareDemo */,
				9133415F22FD7A09008CD5DD /* Products */,
				9133417622FD7F3B008CD5DD /* Frameworks */,
			);
			sourceTree = "<group>";
		};
		9133415F22FD7A09008CD5DD /* Products */ = {
			isa = PBXGroup;
			children = (
				9133415E22FD7A09008CD5DD /* ShareDemo.app */,
			);
			name = Products;
			sourceTree = "<group>";
		};
		9133416022FD7A09008CD5DD /* ShareDemo */ = {
			isa = PBXGroup;
			children = (
				9133416122FD7A09008CD5DD /* AppDelegate.swift */,
				9133416322FD7A09008CD5DD /* ViewController.swift */,
				9133416522FD7A09008CD5DD /* Main.storyboard */,
				9133416B22FD7A0B008CD5DD /* Assets.xcassets */,
				9133416D22FD7A0B008CD5DD /* LaunchScreen.storyboard */,
				9133417022FD7A0B008CD5DD /* Info.plist */,
				9133416822FD7A09008CD5DD /* ShareDemo.xcdatamodeld */,
			);
			path = ShareDemo;
			sourceTree = "<group>";
		};
		9133417622FD7F3B008CD5DD /* Frameworks */ = {
			isa = PBXGroup;
			children = (
				9133417722FD7F3C008CD5DD /* Social.framework */,
			);
			name = Frameworks;
			sourceTree = "<group>";
		};
/* End PBXGroup section */

/* Begin PBXNativeTarget section */
		9133415D22FD7A09008CD5DD /* ShareDemo */ = {
			isa = PBXNativeTarget;
			buildConfigurationList = 9133417322FD7A0B008CD5DD /* Build configuration list for PBXNativeTarget "ShareDemo" */;
			buildPhases = (
				9133415A22FD7A09008CD5DD /* Sources */,
				9133415B22FD7A09008CD5DD /* Frameworks */,
				9133415C22FD7A09008CD5DD /* Resources */,
			);
			buildRules = (
			);
			dependencies = (
			);
			name = ShareDemo;
			productName = ShareDemo;
			productReference = 9133415E22FD7A09008CD5DD /* ShareDemo.app */;
			productType = "com.apple.product-type.application";
		};
/* End PBXNativeTarget section */

/* Begin PBXProject section */
		9133415622FD7A09008CD5DD /* Project object */ = {
			isa = PBXProject;
			attributes = {
				LastSwiftUpdateCheck = 1020;
				LastUpgradeCheck = 1020;
				ORGANIZATIONNAME = ichingchen;
				TargetAttributes = {
					9133415D22FD7A09008CD5DD = {
						CreatedOnToolsVersion = 10.2.1;
					};
				};
			};
			buildConfigurationList = 9133415922FD7A09008CD5DD /* Build configuration list for PBXProject "ShareDemo" */;
			compatibilityVersion = "Xcode 9.3";
			developmentRegion = en;
			hasScannedForEncodings = 0;
			knownRegions = (
				en,
				Base,
			);
			mainGroup = 9133415522FD7A09008CD5DD;
			productRefGroup = 9133415F22FD7A09008CD5DD /* Products */;
			projectDirPath = "";
			projectRoot = "";
			targets = (
				9133415D22FD7A09008CD5DD /* ShareDemo */,
			);
		};
/* End PBXProject section */

/* Begin PBXResourcesBuildPhase section */
		9133415C22FD7A09008CD5DD /* Resources */ = {
			isa = PBXResourcesBuildPhase;
			buildActionMask = 2147483647;
			files = (
				9133416F22FD7A0B008CD5DD /* LaunchScreen.storyboard in Resources */,
				9133416C22FD7A0B008CD5DD /* Assets.xcassets in Resources */,
				9133416722FD7A09008CD5DD /* Main.storyboard in Resources */,
			);
			runOnlyForDeploymentPostprocessing = 0;
		};
/* End PBXResourcesBuildPhase section */

/* Begin PBXSourcesBuildPhase section */
		9133415A22FD7A09008CD5DD /* Sources */ = {
			isa = PBXSourcesBuildPhase;
			buildActionMask = 2147483647;
			files = (
				9133416422FD7A09008CD5DD /* ViewController.swift in Sources */,
				9133416222FD7A09008CD5DD /* AppDelegate.swift in Sources */,
				9133416A22FD7A09008CD5DD /* ShareDemo.xcdatamodeld in Sources */,
			);
			runOnlyForDeploymentPostprocessing = 0;
		};
/* End PBXSourcesBuildPhase section */

/* Begin PBXVariantGroup section */
		9133416522FD7A09008CD5DD /* Main.storyboard */ = {
			isa = PBXVariantGroup;
			children = (
				9133416622FD7A09008CD5DD /* Base */,
			);
			name = Main.storyboard;
			sourceTree = "<group>";
		};
		9133416D22FD7A0B008CD5DD /* LaunchScreen.storyboard */ = {
			isa = PBXVariantGroup;
			children = (
				9133416E22FD7A0B008CD5DD /* Base */,
			);
			name = LaunchScreen.storyboard;
			sourceTree = "<group>";
		};
/* End PBXVariantGroup section */

/* Begin XCBuildConfiguration section */
		9133417122FD7A0B008CD5DD /* Debug */ = {
			isa = XCBuildConfiguration;
			buildSettings = {
				ALWAYS_SEARCH_USER_PATHS = NO;
				CLANG_ANALYZER_NONNULL = YES;
				CLANG_ANALYZER_NUMBER_OBJECT_CONVERSION = YES_AGGRESSIVE;
				CLANG_CXX_LANGUAGE_STANDARD = "gnu++14";
				CLANG_CXX_LIBRARY = "libc++";
				CLANG_ENABLE_MODULES = YES;
				CLANG_ENABLE_OBJC_ARC = YES;
				CLANG_ENABLE_OBJC_WEAK = YES;
				CLANG_WARN_BLOCK_CAPTURE_AUTORELEASING = YES;
				CLANG_WARN_BOOL_CONVERSION = YES;
				CLANG_WARN_COMMA = YES;
				CLANG_WARN_CONSTANT_CONVERSION = YES;
				CLANG_WARN_DEPRECATED_OBJC_IMPLEMENTATIONS = YES;
				CLANG_WARN_DIRECT_OBJC_ISA_USAGE = YES_ERROR;
				CLANG_WARN_DOCUMENTATION_COMMENTS = YES;
				CLANG_WARN_EMPTY_BODY = YES;
				CLANG_WARN_ENUM_CONVERSION = YES;
				CLANG_WARN_INFINITE_RECURSION = YES;
				CLANG_WARN_INT_CONVERSION = YES;
				CLANG_WARN_NON_LITERAL_NULL_CONVERSION = YES;
				CLANG_WARN_OBJC_IMPLICIT_RETAIN_SELF = YES;
				CLANG_WARN_OBJC_LITERAL_CONVERSION = YES;
				CLANG_WARN_OBJC_ROOT_CLASS = YES_ERROR;
				CLANG_WARN_RANGE_LOOP_ANALYSIS = YES;
				CLANG_WARN_STRICT_PROTOTYPES = YES;
				CLANG_WARN_SUSPICIOUS_MOVE = YES;
				CLANG_WARN_UNGUARDED_AVAILABILITY = YES_AGGRESSIVE;
				CLANG_WARN_UNREACHABLE_CODE = YES;
				CLANG_WARN__DUPLICATE_METHOD_MATCH = YES;
				CODE_SIGN_IDENTITY = "iPhone Developer";
				COPY_PHASE_STRIP = NO;
				DEBUG_INFORMATION_FORMAT = dwarf;
				ENABLE_STRICT_OBJC_MSGSEND = YES;
				ENABLE_TESTABILITY = YES;
				GCC_C_LANGUAGE_STANDARD = gnu11;
				GCC_DYNAMIC_NO_PIC = NO;
				GCC_NO_COMMON_BLOCKS = YES;
				GCC_OPTIMIZATION_LEVEL = 0;
				GCC_PREPROCESSOR_DEFINITIONS = (
					"DEBUG=1",
					"$(inherited)",
				);
				GCC_WARN_64_TO_32_BIT_CONVERSION = YES;
				GCC_WARN_ABOUT_RETURN_TYPE = YES_ERROR;
				GCC_WARN_UNDECLARED_SELECTOR = YES;
				GCC_WARN_UNINITIALIZED_AUTOS = YES_AGGRESSIVE;
				GCC_WARN_UNUSED_FUNCTION = YES;
				GCC_WARN_UNUSED_VARIABLE = YES;
				IPHONEOS_DEPLOYMENT_TARGET = 12.2;
				MTL_ENABLE_DEBUG_INFO = INCLUDE_SOURCE;
				MTL_FAST_MATH = YES;
				ONLY_ACTIVE_ARCH = YES;
				SDKROOT = iphoneos;
				SWIFT_ACTIVE_COMPILATION_CONDITIONS = DEBUG;
				SWIFT_OPTIMIZATION_LEVEL = "-Onone";
			};
			name = Debug;
		};
		9133417222FD7A0B008CD5DD /* Release */ = {
			isa = XCBuildConfiguration;
			buildSettings = {
				ALWAYS_SEARCH_USER_PATHS = NO;
				CLANG_ANALYZER_NONNULL = YES;
				CLANG_ANALYZER_NUMBER_OBJECT_CONVERSION = YES_AGGRESSIVE;
				CLANG_CXX_LANGUAGE_STANDARD = "gnu++14";
				CLANG_CXX_LIBRARY = "libc++";
				CLANG_ENABLE_MODULES = YES;
				CLANG_ENABLE_OBJC_ARC = YES;
				CLANG_ENABLE_OBJC_WEAK = YES;
				CLANG_WARN_BLOCK_CAPTURE_AUTORELEASING = YES;
				CLANG_WARN_BOOL_CONVERSION = YES;
				CLANG_WARN_COMMA = YES;
				CLANG_WARN_CONSTANT_CONVERSION = YES;
				CLANG_WARN_DEPRECATED_OBJC_IMPLEMENTATIONS = YES;
				CLANG_WARN_DIRECT_OBJC_ISA_USAGE = YES_ERROR;
				CLANG_WARN_DOCUMENTATION_COMMENTS = YES;
				CLANG_WARN_EMPTY_BODY = YES;
				CLANG_WARN_ENUM_CONVERSION = YES;
				CLANG_WARN_INFINITE_RECURSION = YES;
				CLANG_WARN_INT_CONVERSION = YES;
				CLANG_WARN_NON_LITERAL_NULL_CONVERSION = YES;
				CLANG_WARN_OBJC_IMPLICIT_RETAIN_SELF = YES;
				CLANG_WARN_OBJC_LITERAL_CONVERSION = YES;
				CLANG_WARN_OBJC_ROOT_CLASS = YES_ERROR;
				CLANG_WARN_RANGE_LOOP_ANALYSIS = YES;
				CLANG_WARN_STRICT_PROTOTYPES = YES;
				CLANG_WARN_SUSPICIOUS_MOVE = YES;
				CLANG_WARN_UNGUARDED_AVAILABILITY = YES_AGGRESSIVE;
				CLANG_WARN_UNREACHABLE_CODE = YES;
				CLANG_WARN__DUPLICATE_METHOD_MATCH = YES;
				CODE_SIGN_IDENTITY = "iPhone Developer";
				COPY_PHASE_STRIP = NO;
				DEBUG_INFORMATION_FORMAT = "dwarf-with-dsym";
				ENABLE_NS_ASSERTIONS = NO;
				ENABLE_STRICT_OBJC_MSGSEND = YES;
				GCC_C_LANGUAGE_STANDARD = gnu11;
				GCC_NO_COMMON_BLOCKS = YES;
				GCC_WARN_64_TO_32_BIT_CONVERSION = YES;
				GCC_WARN_ABOUT_RETURN_TYPE = YES_ERROR;
				GCC_WARN_UNDECLARED_SELECTOR = YES;
				GCC_WARN_UNINITIALIZED_AUTOS = YES_AGGRESSIVE;
				GCC_WARN_UNUSED_FUNCTION = YES;
				GCC_WARN_UNUSED_VARIABLE = YES;
				IPHONEOS_DEPLOYMENT_TARGET = 12.2;
				MTL_ENABLE_DEBUG_INFO = NO;
				MTL_FAST_MATH = YES;
				SDKROOT = iphoneos;
				SWIFT_COMPILATION_MODE = wholemodule;
				SWIFT_OPTIMIZATION_LEVEL = "-O";
				VALIDATE_PRODUCT = YES;
			};
			name = Release;
		};
		9133417422FD7A0B008CD5DD /* Debug */ = {
			isa = XCBuildConfiguration;
			buildSettings = {
				ASSETCATALOG_COMPILER_APPICON_NAME = AppIcon;
				CODE_SIGN_STYLE = Automatic;
				DEVELOPMENT_TEAM = 5XT523M7P4;
				INFOPLIST_FILE = ShareDemo/Info.plist;
				LD_RUNPATH_SEARCH_PATHS = (
					"$(inherited)",
					"@executable_path/Frameworks",
				);
				PRODUCT_BUNDLE_IDENTIFIER = com.ichingChen.ShareDemo;
				PRODUCT_NAME = "$(TARGET_NAME)";
				SWIFT_VERSION = 5.0;
				TARGETED_DEVICE_FAMILY = "1,2";
			};
			name = Debug;
		};
		9133417522FD7A0B008CD5DD /* Release */ = {
			isa = XCBuildConfiguration;
			buildSettings = {
				ASSETCATALOG_COMPILER_APPICON_NAME = AppIcon;
				CODE_SIGN_STYLE = Automatic;
				DEVELOPMENT_TEAM = 5XT523M7P4;
				INFOPLIST_FILE = ShareDemo/Info.plist;
				LD_RUNPATH_SEARCH_PATHS = (
					"$(inherited)",
					"@executable_path/Frameworks",
				);
				PRODUCT_BUNDLE_IDENTIFIER = com.ichingChen.ShareDemo;
				PRODUCT_NAME = "$(TARGET_NAME)";
				SWIFT_VERSION = 5.0;
				TARGETED_DEVICE_FAMILY = "1,2";
			};
			name = Release;
		};
/* End XCBuildConfiguration section */

/* Begin XCConfigurationList section */
		9133415922FD7A09008CD5DD /* Build configuration list for PBXProject "ShareDemo" */ = {
			isa = XCConfigurationList;
			buildConfigurations = (
				9133417122FD7A0B008CD5DD /* Debug */,
				9133417222FD7A0B008CD5DD /* Release */,
			);
			defaultConfigurationIsVisible = 0;
			defaultConfigurationName = Release;
		};
		9133417322FD7A0B008CD5DD /* Build configuration list for PBXNativeTarget "ShareDemo" */ = {
			isa = XCConfigurationList;
			buildConfigurations = (
				9133417422FD7A0B008CD5DD /* Debug */,
				9133417522FD7A0B008CD5DD /* Release */,
			);
			defaultConfigurationIsVisible = 0;
			defaultConfigurationName = Release;
		};
/* End XCConfigurationList section */

/* Begin XCVersionGroup section */
		9133416822FD7A09008CD5DD /* ShareDemo.xcdatamodeld */ = {
			isa = XCVersionGroup;
			children = (
				9133416922FD7A09008CD5DD /* ShareDemo.xcdatamodel */,
			);
			currentVersion = 9133416922FD7A09008CD5DD /* ShareDemo.xcdatamodel */;
			path = ShareDemo.xcdatamodeld;
			sourceTree = "<group>";
			versionGroupType = wrapper.xcdatamodel;
		};
/* End XCVersionGroup section */
	};
	rootObject = 9133415622FD7A09008CD5DD /* Project object */;
}
