// !$*UTF8*$!
{
	archiveVersion = 1;
	classes = {
	};
	objectVersion = 50;
	objects = {

/* Begin PBXBuildFile section */
		91B805FE22CE69C0007B2CFD /* AppDelegate.swift in Sources */ = {isa = PBXBuildFile; fileRef = 91B805FD22CE69C0007B2CFD /* AppDelegate.swift */; };
		91B8060022CE69C0007B2CFD /* ViewController.swift in Sources */ = {isa = PBXBuildFile; fileRef = 91B805FF22CE69C0007B2CFD /* ViewController.swift */; };
		91B8060322CE69C0007B2CFD /* Main.storyboard in Resources */ = {isa = PBXBuildFile; fileRef = 91B8060122CE69C0007B2CFD /* Main.storyboard */; };
		91B8060522CE69C1007B2CFD /* Assets.xcassets in Resources */ = {isa = PBXBuildFile; fileRef = 91B8060422CE69C1007B2CFD /* Assets.xcassets */; };
		91B8060822CE69C1007B2CFD /* LaunchScreen.storyboard in Resources */ = {isa = PBXBuildFile; fileRef = 91B8060622CE69C1007B2CFD /* LaunchScreen.storyboard */; };
		91B8061022CE6E6C007B2CFD /* TableViewCell.swift in Sources */ = {isa = PBXBuildFile; fileRef = 91B8060F22CE6E6C007B2CFD /* TableViewCell.swift */; };
		91B8061222CE7AB7007B2CFD /* TableViewDataSource.swift in Sources */ = {isa = PBXBuildFile; fileRef = 91B8061122CE7AB7007B2CFD /* TableViewDataSource.swift */; };
/* End PBXBuildFile section */

/* Begin PBXFileReference section */
		91B805FA22CE69C0007B2CFD /* AssignmentTableView.app */ = {isa = PBXFileReference; explicitFileType = wrapper.application; includeInIndex = 0; path = AssignmentTableView.app; sourceTree = BUILT_PRODUCTS_DIR; };
		91B805FD22CE69C0007B2CFD /* AppDelegate.swift */ = {isa = PBXFileReference; lastKnownFileType = sourcecode.swift; path = AppDelegate.swift; sourceTree = "<group>"; };
		91B805FF22CE69C0007B2CFD /* ViewController.swift */ = {isa = PBXFileReference; lastKnownFileType = sourcecode.swift; path = ViewController.swift; sourceTree = "<group>"; };
		91B8060222CE69C0007B2CFD /* Base */ = {isa = PBXFileReference; lastKnownFileType = file.storyboard; name = Base; path = Base.lproj/Main.storyboard; sourceTree = "<group>"; };
		91B8060422CE69C1007B2CFD /* Assets.xcassets */ = {isa = PBXFileReference; lastKnownFileType = folder.assetcatalog; path = Assets.xcassets; sourceTree = "<group>"; };
		91B8060722CE69C1007B2CFD /* Base */ = {isa = PBXFileReference; lastKnownFileType = file.storyboard; name = Base; path = Base.lproj/LaunchScreen.storyboard; sourceTree = "<group>"; };
		91B8060922CE69C1007B2CFD /* Info.plist */ = {isa = PBXFileReference; lastKnownFileType = text.plist.xml; path = Info.plist; sourceTree = "<group>"; };
		91B8060F22CE6E6C007B2CFD /* TableViewCell.swift */ = {isa = PBXFileReference; lastKnownFileType = sourcecode.swift; path = TableViewCell.swift; sourceTree = "<group>"; };
		91B8061122CE7AB7007B2CFD /* TableViewDataSource.swift */ = {isa = PBXFileReference; lastKnownFileType = sourcecode.swift; path = TableViewDataSource.swift; sourceTree = "<group>"; };
/* End PBXFileReference section */

/* Begin PBXFrameworksBuildPhase section */
		91B805F722CE69C0007B2CFD /* Frameworks */ = {
			isa = PBXFrameworksBuildPhase;
			buildActionMask = 2147483647;
			files = (
			);
			runOnlyForDeploymentPostprocessing = 0;
		};
/* End PBXFrameworksBuildPhase section */

/* Begin PBXGroup section */
		91B805F122CE69C0007B2CFD = {
			isa = PBXGroup;
			children = (
				91B805FC22CE69C0007B2CFD /* AssignmentTableView */,
				91B805FB22CE69C0007B2CFD /* Products */,
			);
			sourceTree = "<group>";
		};
		91B805FB22CE69C0007B2CFD /* Products */ = {
			isa = PBXGroup;
			children = (
				91B805FA22CE69C0007B2CFD /* AssignmentTableView.app */,
			);
			name = Products;
			sourceTree = "<group>";
		};
		91B805FC22CE69C0007B2CFD /* AssignmentTableView */ = {
			isa = PBXGroup;
			children = (
				91B8067E22D114F9007B2CFD /* Controller */,
				91B8067D22D114EF007B2CFD /* View */,
				91B8067F22D1151B007B2CFD /* Model */,
				91B8060922CE69C1007B2CFD /* Info.plist */,
			);
			path = AssignmentTableView;
			sourceTree = "<group>";
		};
		91B8067D22D114EF007B2CFD /* View */ = {
			isa = PBXGroup;
			children = (
				91B8060122CE69C0007B2CFD /* Main.storyboard */,
				91B8060422CE69C1007B2CFD /* Assets.xcassets */,
				91B8060622CE69C1007B2CFD /* LaunchScreen.storyboard */,
			);
			path = View;
			sourceTree = "<group>";
		};
		91B8067E22D114F9007B2CFD /* Controller */ = {
			isa = PBXGroup;
			children = (
				91B805FD22CE69C0007B2CFD /* AppDelegate.swift */,
				91B805FF22CE69C0007B2CFD /* ViewController.swift */,
			);
			path = Controller;
			sourceTree = "<group>";
		};
		91B8067F22D1151B007B2CFD /* Model */ = {
			isa = PBXGroup;
			children = (
				91B8060F22CE6E6C007B2CFD /* TableViewCell.swift */,
				91B8061122CE7AB7007B2CFD /* TableViewDataSource.swift */,
			);
			path = Model;
			sourceTree = "<group>";
		};
/* End PBXGroup section */

/* Begin PBXNativeTarget section */
		91B805F922CE69C0007B2CFD /* AssignmentTableView */ = {
			isa = PBXNativeTarget;
			buildConfigurationList = 91B8060C22CE69C1007B2CFD /* Build configuration list for PBXNativeTarget "AssignmentTableView" */;
			buildPhases = (
				91B805F622CE69C0007B2CFD /* Sources */,
				91B805F722CE69C0007B2CFD /* Frameworks */,
				91B805F822CE69C0007B2CFD /* Resources */,
			);
			buildRules = (
			);
			dependencies = (
			);
			name = AssignmentTableView;
			productName = AssignmentTableView;
			productReference = 91B805FA22CE69C0007B2CFD /* AssignmentTableView.app */;
			productType = "com.apple.product-type.application";
		};
/* End PBXNativeTarget section */

/* Begin PBXProject section */
		91B805F222CE69C0007B2CFD /* Project object */ = {
			isa = PBXProject;
			attributes = {
				LastSwiftUpdateCheck = 1020;
				LastUpgradeCheck = 1020;
				ORGANIZATIONNAME = ichingchen;
				TargetAttributes = {
					91B805F922CE69C0007B2CFD = {
						CreatedOnToolsVersion = 10.2.1;
					};
				};
			};
			buildConfigurationList = 91B805F522CE69C0007B2CFD /* Build configuration list for PBXProject "AssignmentTableView" */;
			compatibilityVersion = "Xcode 9.3";
			developmentRegion = en;
			hasScannedForEncodings = 0;
			knownRegions = (
				en,
				Base,
			);
			mainGroup = 91B805F122CE69C0007B2CFD;
			productRefGroup = 91B805FB22CE69C0007B2CFD /* Products */;
			projectDirPath = "";
			projectRoot = "";
			targets = (
				91B805F922CE69C0007B2CFD /* AssignmentTableView */,
			);
		};
/* End PBXProject section */

/* Begin PBXResourcesBuildPhase section */
		91B805F822CE69C0007B2CFD /* Resources */ = {
			isa = PBXResourcesBuildPhase;
			buildActionMask = 2147483647;
			files = (
				91B8060822CE69C1007B2CFD /* LaunchScreen.storyboard in Resources */,
				91B8060522CE69C1007B2CFD /* Assets.xcassets in Resources */,
				91B8060322CE69C0007B2CFD /* Main.storyboard in Resources */,
			);
			runOnlyForDeploymentPostprocessing = 0;
		};
/* End PBXResourcesBuildPhase section */

/* Begin PBXSourcesBuildPhase section */
		91B805F622CE69C0007B2CFD /* Sources */ = {
			isa = PBXSourcesBuildPhase;
			buildActionMask = 2147483647;
			files = (
				91B8061022CE6E6C007B2CFD /* TableViewCell.swift in Sources */,
				91B8060022CE69C0007B2CFD /* ViewController.swift in Sources */,
				91B8061222CE7AB7007B2CFD /* TableViewDataSource.swift in Sources */,
				91B805FE22CE69C0007B2CFD /* AppDelegate.swift in Sources */,
			);
			runOnlyForDeploymentPostprocessing = 0;
		};
/* End PBXSourcesBuildPhase section */

/* Begin PBXVariantGroup section */
		91B8060122CE69C0007B2CFD /* Main.storyboard */ = {
			isa = PBXVariantGroup;
			children = (
				91B8060222CE69C0007B2CFD /* Base */,
			);
			name = Main.storyboard;
			sourceTree = "<group>";
		};
		91B8060622CE69C1007B2CFD /* LaunchScreen.storyboard */ = {
			isa = PBXVariantGroup;
			children = (
				91B8060722CE69C1007B2CFD /* Base */,
			);
			name = LaunchScreen.storyboard;
			sourceTree = "<group>";
		};
/* End PBXVariantGroup section */

/* Begin XCBuildConfiguration section */
		91B8060A22CE69C1007B2CFD /* Debug */ = {
			isa = XCBuildConfiguration;
			buildSettings = {
				ALWAYS_SEARCH_USER_PATHS = NO;
				CLANG_ANALYZER_NONNULL = YES;
				CLANG_ANALYZER_NUMBER_OBJECT_CONVERSION = YES_AGGRESSIVE;
				CLANG_CXX_LANGUAGE_STANDARD = "gnu++14";
				CLANG_CXX_LIBRARY = "libc++";
				CLANG_ENABLE_MODULES = YES;
				CLANG_ENABLE_OBJC_ARC = YES;
				CLANG_ENABLE_OBJC_WEAK = YES;
				CLANG_WARN_BLOCK_CAPTURE_AUTORELEASING = YES;
				CLANG_WARN_BOOL_CONVERSION = YES;
				CLANG_WARN_COMMA = YES;
				CLANG_WARN_CONSTANT_CONVERSION = YES;
				CLANG_WARN_DEPRECATED_OBJC_IMPLEMENTATIONS = YES;
				CLANG_WARN_DIRECT_OBJC_ISA_USAGE = YES_ERROR;
				CLANG_WARN_DOCUMENTATION_COMMENTS = YES;
				CLANG_WARN_EMPTY_BODY = YES;
				CLANG_WARN_ENUM_CONVERSION = YES;
				CLANG_WARN_INFINITE_RECURSION = YES;
				CLANG_WARN_INT_CONVERSION = YES;
				CLANG_WARN_NON_LITERAL_NULL_CONVERSION = YES;
				CLANG_WARN_OBJC_IMPLICIT_RETAIN_SELF = YES;
				CLANG_WARN_OBJC_LITERAL_CONVERSION = YES;
				CLANG_WARN_OBJC_ROOT_CLASS = YES_ERROR;
				CLANG_WARN_RANGE_LOOP_ANALYSIS = YES;
				CLANG_WARN_STRICT_PROTOTYPES = YES;
				CLANG_WARN_SUSPICIOUS_MOVE = YES;
				CLANG_WARN_UNGUARDED_AVAILABILITY = YES_AGGRESSIVE;
				CLANG_WARN_UNREACHABLE_CODE = YES;
				CLANG_WARN__DUPLICATE_METHOD_MATCH = YES;
				CODE_SIGN_IDENTITY = "iPhone Developer";
				COPY_PHASE_STRIP = NO;
				DEBUG_INFORMATION_FORMAT = dwarf;
				ENABLE_STRICT_OBJC_MSGSEND = YES;
				ENABLE_TESTABILITY = YES;
				GCC_C_LANGUAGE_STANDARD = gnu11;
				GCC_DYNAMIC_NO_PIC = NO;
				GCC_NO_COMMON_BLOCKS = YES;
				GCC_OPTIMIZATION_LEVEL = 0;
				GCC_PREPROCESSOR_DEFINITIONS = (
					"DEBUG=1",
					"$(inherited)",
				);
				GCC_WARN_64_TO_32_BIT_CONVERSION = YES;
				GCC_WARN_ABOUT_RETURN_TYPE = YES_ERROR;
				GCC_WARN_UNDECLARED_SELECTOR = YES;
				GCC_WARN_UNINITIALIZED_AUTOS = YES_AGGRESSIVE;
				GCC_WARN_UNUSED_FUNCTION = YES;
				GCC_WARN_UNUSED_VARIABLE = YES;
				IPHONEOS_DEPLOYMENT_TARGET = 12.2;
				MTL_ENABLE_DEBUG_INFO = INCLUDE_SOURCE;
				MTL_FAST_MATH = YES;
				ONLY_ACTIVE_ARCH = YES;
				SDKROOT = iphoneos;
				SWIFT_ACTIVE_COMPILATION_CONDITIONS = DEBUG;
				SWIFT_OPTIMIZATION_LEVEL = "-Onone";
			};
			name = Debug;
		};
		91B8060B22CE69C1007B2CFD /* Release */ = {
			isa = XCBuildConfiguration;
			buildSettings = {
				ALWAYS_SEARCH_USER_PATHS = NO;
				CLANG_ANALYZER_NONNULL = YES;
				CLANG_ANALYZER_NUMBER_OBJECT_CONVERSION = YES_AGGRESSIVE;
				CLANG_CXX_LANGUAGE_STANDARD = "gnu++14";
				CLANG_CXX_LIBRARY = "libc++";
				CLANG_ENABLE_MODULES = YES;
				CLANG_ENABLE_OBJC_ARC = YES;
				CLANG_ENABLE_OBJC_WEAK = YES;
				CLANG_WARN_BLOCK_CAPTURE_AUTORELEASING = YES;
				CLANG_WARN_BOOL_CONVERSION = YES;
				CLANG_WARN_COMMA = YES;
				CLANG_WARN_CONSTANT_CONVERSION = YES;
				CLANG_WARN_DEPRECATED_OBJC_IMPLEMENTATIONS = YES;
				CLANG_WARN_DIRECT_OBJC_ISA_USAGE = YES_ERROR;
				CLANG_WARN_DOCUMENTATION_COMMENTS = YES;
				CLANG_WARN_EMPTY_BODY = YES;
				CLANG_WARN_ENUM_CONVERSION = YES;
				CLANG_WARN_INFINITE_RECURSION = YES;
				CLANG_WARN_INT_CONVERSION = YES;
				CLANG_WARN_NON_LITERAL_NULL_CONVERSION = YES;
				CLANG_WARN_OBJC_IMPLICIT_RETAIN_SELF = YES;
				CLANG_WARN_OBJC_LITERAL_CONVERSION = YES;
				CLANG_WARN_OBJC_ROOT_CLASS = YES_ERROR;
				CLANG_WARN_RANGE_LOOP_ANALYSIS = YES;
				CLANG_WARN_STRICT_PROTOTYPES = YES;
				CLANG_WARN_SUSPICIOUS_MOVE = YES;
				CLANG_WARN_UNGUARDED_AVAILABILITY = YES_AGGRESSIVE;
				CLANG_WARN_UNREACHABLE_CODE = YES;
				CLANG_WARN__DUPLICATE_METHOD_MATCH = YES;
				CODE_SIGN_IDENTITY = "iPhone Developer";
				COPY_PHASE_STRIP = NO;
				DEBUG_INFORMATION_FORMAT = "dwarf-with-dsym";
				ENABLE_NS_ASSERTIONS = NO;
				ENABLE_STRICT_OBJC_MSGSEND = YES;
				GCC_C_LANGUAGE_STANDARD = gnu11;
				GCC_NO_COMMON_BLOCKS = YES;
				GCC_WARN_64_TO_32_BIT_CONVERSION = YES;
				GCC_WARN_ABOUT_RETURN_TYPE = YES_ERROR;
				GCC_WARN_UNDECLARED_SELECTOR = YES;
				GCC_WARN_UNINITIALIZED_AUTOS = YES_AGGRESSIVE;
				GCC_WARN_UNUSED_FUNCTION = YES;
				GCC_WARN_UNUSED_VARIABLE = YES;
				IPHONEOS_DEPLOYMENT_TARGET = 12.2;
				MTL_ENABLE_DEBUG_INFO = NO;
				MTL_FAST_MATH = YES;
				SDKROOT = iphoneos;
				SWIFT_COMPILATION_MODE = wholemodule;
				SWIFT_OPTIMIZATION_LEVEL = "-O";
				VALIDATE_PRODUCT = YES;
			};
			name = Release;
		};
		91B8060D22CE69C1007B2CFD /* Debug */ = {
			isa = XCBuildConfiguration;
			buildSettings = {
				ASSETCATALOG_COMPILER_APPICON_NAME = AppIcon;
				CODE_SIGN_STYLE = Automatic;
				INFOPLIST_FILE = AssignmentTableView/Info.plist;
				LD_RUNPATH_SEARCH_PATHS = (
					"$(inherited)",
					"@executable_path/Frameworks",
				);
				PRODUCT_BUNDLE_IDENTIFIER = com.ichingChen.AssignmentTableView;
				PRODUCT_NAME = "$(TARGET_NAME)";
				SWIFT_VERSION = 5.0;
				TARGETED_DEVICE_FAMILY = "1,2";
			};
			name = Debug;
		};
		91B8060E22CE69C1007B2CFD /* Release */ = {
			isa = XCBuildConfiguration;
			buildSettings = {
				ASSETCATALOG_COMPILER_APPICON_NAME = AppIcon;
				CODE_SIGN_STYLE = Automatic;
				INFOPLIST_FILE = AssignmentTableView/Info.plist;
				LD_RUNPATH_SEARCH_PATHS = (
					"$(inherited)",
					"@executable_path/Frameworks",
				);
				PRODUCT_BUNDLE_IDENTIFIER = com.ichingChen.AssignmentTableView;
				PRODUCT_NAME = "$(TARGET_NAME)";
				SWIFT_VERSION = 5.0;
				TARGETED_DEVICE_FAMILY = "1,2";
			};
			name = Release;
		};
/* End XCBuildConfiguration section */

/* Begin XCConfigurationList section */
		91B805F522CE69C0007B2CFD /* Build configuration list for PBXProject "AssignmentTableView" */ = {
			isa = XCConfigurationList;
			buildConfigurations = (
				91B8060A22CE69C1007B2CFD /* Debug */,
				91B8060B22CE69C1007B2CFD /* Release */,
			);
			defaultConfigurationIsVisible = 0;
			defaultConfigurationName = Release;
		};
		91B8060C22CE69C1007B2CFD /* Build configuration list for PBXNativeTarget "AssignmentTableView" */ = {
			isa = XCConfigurationList;
			buildConfigurations = (
				91B8060D22CE69C1007B2CFD /* Debug */,
				91B8060E22CE69C1007B2CFD /* Release */,
			);
			defaultConfigurationIsVisible = 0;
			defaultConfigurationName = Release;
		};
/* End XCConfigurationList section */
	};
	rootObject = 91B805F222CE69C0007B2CFD /* Project object */;
}
